<?xml version="1.0" encoding="utf-8"?>
<Project ToolsVersion="4.0" xmlns="http://schemas.microsoft.com/developer/msbuild/2003">
  <ItemGroup>
    <ClInclude Include="pch.h" />
    <ClInclude Include="Message.h">
      <Filter>WebSocket</Filter>
    </ClInclude>
    <ClInclude Include="WebSocketServer.h">
      <Filter>WebSocket</Filter>
    </ClInclude>
    <ClInclude Include="ExtendedJson.h">
      <Filter>Utils</Filter>
    </ClInclude>
    <ClInclude Include="Logger.h">
      <Filter>Utils</Filter>
    </ClInclude>
    <ClInclude Include="Config.h">
      <Filter>Utils</Filter>
    </ClInclude>
    <ClInclude Include="Mess.h">
      <Filter>Utils</Filter>
    </ClInclude>
    <ClInclude Include="Crypt.h">
      <Filter>WebSocket</Filter>
    </ClInclude>
    <ClInclude Include="LangPack.h">
      <Filter>Utils</Filter>
    </ClInclude>
    <ClInclude Include="BDSWebSocket.h" />
    <ClInclude Include="Symbols.h" />
    <ClInclude Include="DynamicDependency.h">
      <Filter>Utils</Filter>
    </ClInclude>
    <ClInclude Include="WhiteList.h">
      <Filter>Utils</Filter>
    </ClInclude>
    <ClInclude Include="mc\TextPacket.h">
      <Filter>MC</Filter>
    </ClInclude>
    <ClInclude Include="WebSocketLogger.h">
      <Filter>WebSocket</Filter>
    </ClInclude>
    <ClInclude Include="System.h">
      <Filter>Utils</Filter>
    </ClInclude>
    <ClInclude Include="onMessage.h">
      <Filter>WebSocket</Filter>
    </ClInclude>
  </ItemGroup>
  <ItemGroup>
    <ClCompile Include="pch.cpp" />
    <ClCompile Include="mod.cpp" />
    <ClCompile Include="dllmain.cpp" />
    <ClCompile Include="WebSocketServer.cpp">
      <Filter>WebSocket</Filter>
    </ClCompile>
    <ClCompile Include="ExtendedJson.cpp">
      <Filter>Utils</Filter>
    </ClCompile>
    <ClCompile Include="Message.cpp">
      <Filter>WebSocket</Filter>
    </ClCompile>
    <ClCompile Include="Crypt.cpp">
      <Filter>WebSocket</Filter>
    </ClCompile>
    <ClCompile Include="BDSWebSocket.cpp" />
    <ClCompile Include="mc\PropertiesSettings.h">
      <Filter>MC</Filter>
    </ClCompile>
    <ClCompile Include="onMessage.cpp">
      <Filter>WebSocket</Filter>
    </ClCompile>
  </ItemGroup>
  <ItemGroup>
    <Filter Include="Lib">
      <UniqueIdentifier>{eb641860-81a7-4e0b-a882-d892a4fa20bd}</UniqueIdentifier>
    </Filter>
    <Filter Include="WebSocket">
      <UniqueIdentifier>{c12609c4-bb30-41dc-8b29-b99950918067}</UniqueIdentifier>
    </Filter>
    <Filter Include="Utils">
      <UniqueIdentifier>{a743b310-b364-419d-919c-d7b02ba1f16d}</UniqueIdentifier>
    </Filter>
    <Filter Include="MC">
      <UniqueIdentifier>{d4c1e819-f88d-4d54-93d8-33a9329f8111}</UniqueIdentifier>
    </Filter>
  </ItemGroup>
  <ItemGroup>
    <Library Include="lib\cryptopp-static.lib">
      <Filter>Lib</Filter>
    </Library>
    <Library Include="lib\LiteLoader.lib">
      <Filter>Lib</Filter>
    </Library>
  </ItemGroup>
</Project>